PODS:
  - AMap3DMap (6.6.0):
    - AMapFoundation (~> 1.5)
  - AMapFoundation (1.5.6)
  - Base64 (1.1.2)
  - boost-for-react-native (1.63.0)
  - CodePush (5.6.0):
    - Base64 (~> 1.1)
    - JWT (~> 3.0.0-beta.7)
    - React
    - SSZipArchive (~> 2.1)
  - DoubleConversion (1.1.6)
  - Folly (2018.10.22.00):
    - boost-for-react-native
    - DoubleConversion
    - glog
  - glog (0.3.5)
  - JWT (3.0.0-beta.11):
    - Base64 (~> 1.1.2)
  - QBImagePickerController (3.4.0)
  - React (0.59.1):
    - React/Core (= 0.59.1)
  - react-native-amap3d (1.1.1):
    - AMap3DMap (~> 6.6.0)
    - React
  - react-native-blur (0.8.0):
    - React
  - react-native-camera (2.11.0):
    - React
    - react-native-camera/RCT (= 2.11.0)
    - react-native-camera/RN (= 2.11.0)
  - react-native-camera/RCT (2.11.0):
    - React
  - react-native-camera/RN (2.11.0):
    - React
  - react-native-image-picker (0.28.1):
    - React
  - react-native-spinkit (1.0.2):
    - React
  - React/Core (0.59.1):
    - yoga (= 0.59.1.React)
  - React/CxxBridge (0.59.1):
    - Folly (= 2018.10.22.00)
    - React/Core
    - React/cxxreact
    - React/jsiexecutor
  - React/cxxreact (0.59.1):
    - boost-for-react-native (= 1.63.0)
    - DoubleConversion
    - Folly (= 2018.10.22.00)
    - glog
    - React/jsinspector
  - React/DevSupport (0.59.1):
    - React/Core
    - React/RCTWebSocket
  - React/fishhook (0.59.1)
  - React/jsi (0.59.1):
    - DoubleConversion
    - Folly (= 2018.10.22.00)
    - glog
  - React/jsiexecutor (0.59.1):
    - DoubleConversion
    - Folly (= 2018.10.22.00)
    - glog
    - React/cxxreact
    - React/jsi
  - React/jsinspector (0.59.1)
  - React/RCTActionSheet (0.59.1):
    - React/Core
  - React/RCTAnimation (0.59.1):
    - React/Core
  - React/RCTBlob (0.59.1):
    - React/Core
  - React/RCTGeolocation (0.59.1):
    - React/Core
  - React/RCTImage (0.59.1):
    - React/Core
    - React/RCTNetwork
  - React/RCTLinkingIOS (0.59.1):
    - React/Core
  - React/RCTNetwork (0.59.1):
    - React/Core
  - React/RCTSettings (0.59.1):
    - React/Core
  - React/RCTText (0.59.1):
    - React/Core
  - React/RCTVibration (0.59.1):
    - React/Core
  - React/RCTWebSocket (0.59.1):
    - React/Core
    - React/fishhook
    - React/RCTBlob
  - rn-fetch-blob (0.10.6):
    - React/Core
  - RNDeviceInfo (2.1.3):
    - React
  - RNImageCropPicker (0.24.1):
    - QBImagePickerController
    - React/Core
    - RSKImageCropper
  - RNVectorIcons (6.5.0):
    - React
  - RSKImageCropper (1.6.2)
  - SSZipArchive (2.2.1)
  - yoga (0.59.1.React)

DEPENDENCIES:
  - CodePush (from `../node_modules/react-native-code-push`)
  - DoubleConversion (from `../node_modules/react-native/third-party-podspecs/DoubleConversion.podspec`)
  - Folly (from `../node_modules/react-native/third-party-podspecs/Folly.podspec`)
  - glog (from `../node_modules/react-native/third-party-podspecs/glog.podspec`)
  - react-native-amap3d (from `../node_modules/react-native-amap3d/lib/ios`)
  - react-native-blur (from `../node_modules/react-native-blur`)
  - react-native-camera (from `../node_modules/react-native-camera`)
  - react-native-image-picker (from `../node_modules/react-native-image-picker`)
  - react-native-spinkit (from `../node_modules/react-native-spinkit`)
  - React/Core (from `../node_modules/react-native`)
  - React/CxxBridge (from `../node_modules/react-native`)
  - React/DevSupport (from `../node_modules/react-native`)
  - React/RCTActionSheet (from `../node_modules/react-native`)
  - React/RCTAnimation (from `../node_modules/react-native`)
  - React/RCTGeolocation (from `../node_modules/react-native`)
  - React/RCTImage (from `../node_modules/react-native`)
  - React/RCTLinkingIOS (from `../node_modules/react-native`)
  - React/RCTNetwork (from `../node_modules/react-native`)
  - React/RCTSettings (from `../node_modules/react-native`)
  - React/RCTText (from `../node_modules/react-native`)
  - React/RCTVibration (from `../node_modules/react-native`)
  - React/RCTWebSocket (from `../node_modules/react-native`)
  - rn-fetch-blob (from `../node_modules/rn-fetch-blob`)
  - RNDeviceInfo (from `../node_modules/react-native-device-info`)
  - RNImageCropPicker (from `../node_modules/react-native-image-crop-picker`)
  - RNVectorIcons (from `../node_modules/react-native-vector-icons`)
  - RSKImageCropper (from `https://gitee.com/littleboer/RSKImageCropper.git`, tag `1.6.2`)
  - yoga (from `../node_modules/react-native/ReactCommon/yoga`)

SPEC REPOS:
  https://github.com/cocoapods/specs.git:
    - AMap3DMap
    - AMapFoundation
    - Base64
    - boost-for-react-native
    - JWT
    - QBImagePickerController
    - SSZipArchive

EXTERNAL SOURCES:
  CodePush:
    :path: "../node_modules/react-native-code-push"
  DoubleConversion:
    :podspec: "../node_modules/react-native/third-party-podspecs/DoubleConversion.podspec"
  Folly:
    :podspec: "../node_modules/react-native/third-party-podspecs/Folly.podspec"
  glog:
    :podspec: "../node_modules/react-native/third-party-podspecs/glog.podspec"
  React:
    :path: "../node_modules/react-native"
  react-native-amap3d:
    :path: "../node_modules/react-native-amap3d/lib/ios"
  react-native-blur:
    :path: "../node_modules/react-native-blur"
  react-native-camera:
    :path: "../node_modules/react-native-camera"
  react-native-image-picker:
    :path: "../node_modules/react-native-image-picker"
  react-native-spinkit:
    :path: "../node_modules/react-native-spinkit"
  rn-fetch-blob:
    :path: "../node_modules/rn-fetch-blob"
  RNDeviceInfo:
    :path: "../node_modules/react-native-device-info"
  RNImageCropPicker:
    :path: "../node_modules/react-native-image-crop-picker"
  RNVectorIcons:
    :path: "../node_modules/react-native-vector-icons"
  RSKImageCropper:
    :git: https://gitee.com/littleboer/RSKImageCropper.git
    :tag: 1.6.2
  yoga:
    :path: "../node_modules/react-native/ReactCommon/yoga"

CHECKOUT OPTIONS:
  RSKImageCropper:
    :git: https://gitee.com/littleboer/RSKImageCropper.git
    :tag: 1.6.2

SPEC CHECKSUMS:
  AMap3DMap: 37425c7d47420cbfaee88328be3dc3781814b999
  AMapFoundation: 20fce2a12cd152e1092afdd04379cdac21932185
  Base64: cecfb41a004124895a7bcee567a89bae5a89d49b
  boost-for-react-native: 39c7adb57c4e60d6c5479dd8623128eb5b3f0f2c
  CodePush: f6b348759cdc42c734d9c3a46ceb2997c270b12e
  DoubleConversion: bb338842f62ab1d708ceb63ec3d999f0f3d98ecd
  Folly: de497beb10f102453a1afa9edbf8cf8a251890de
  glog: aefd1eb5dda2ab95ba0938556f34b98e2da3a60d
  JWT: 05028b9624591bba9681bb57df2c5f95fa258bad
  QBImagePickerController: d54cf93db6decf26baf6ed3472f336ef35cae022
  React: 1d605e098d69bdf08960787f3446f0a9dc2e2ccf
  react-native-amap3d: fc3a0650ded005650110e53b477f42e13980897b
  react-native-blur: c35c1f6c2c76db7108bde7ed343bd2b01d64e0c0
  react-native-camera: 9c50d7def800895e7991ccda6203929553ceec9c
  react-native-image-picker: f42de90075c5b1af53417af927631d909a1a746e
  react-native-spinkit: c9f5826e1a0bf0da889b3795278eb96ae15c1350
  rn-fetch-blob: 76a8f798dae965bbcd146a2438f2e1d381c91ae3
  RNDeviceInfo: 5b5b42b12587207b6bd686441ac42d19d8e07933
  RNImageCropPicker: 32ca4b9fef4e1b7b85ba69494242122948117e06
  RNVectorIcons: 66af4d5c8ff4f584c7b7cd9c4b0780920f27fce2
  RSKImageCropper: 3e579d0000945a8be1c0efdad728fd9e25c2fd79
  SSZipArchive: 8e859da2520142e09166bc9161967db296e9d02f
  yoga: 128daf064cacaede0c3bb27424b6b4c71052e6cd

PODFILE CHECKSUM: 7bcdc793e8315184fc42100e7ba2e05bfb294c52

COCOAPODS: 1.5.3
